
Microsoft Visual Studio Solution File, Format Version 12.00
# Visual Studio 15
VisualStudioVersion = 15.0.28010.2048
MinimumVisualStudioVersion = 10.0.40219.1
Project("{FAE04EC0-301F-11D3-BF4B-00C04F79EFBC}") = "iess_api", "iess_api\iess_api.csproj", "{00107DF9-5E9F-450E-94FD-27E59F07A8EE}"
EndProject
Global
	GlobalSection(SolutionConfigurationPlatforms) = preSolution
		Debug|Any CPU = Debug|Any CPU
		Release|Any CPU = Release|Any CPU
	EndGlobalSection
	GlobalSection(ProjectConfigurationPlatforms) = postSolution
		{00107DF9-5E9F-450E-94FD-27E59F07A8EE}.Debug|Any CPU.ActiveCfg = Debug|Any CPU
		{00107DF9-5E9F-450E-94FD-27E59F07A8EE}.Debug|Any CPU.Build.0 = Debug|Any CPU
		{00107DF9-5E9F-450E-94FD-27E59F07A8EE}.Release|Any CPU.ActiveCfg = Release|Any CPU
		{00107DF9-5E9F-450E-94FD-27E59F07A8EE}.Release|Any CPU.Build.0 = Release|Any CPU
	EndGlobalSection
	GlobalSection(SolutionProperties) = preSolution
		HideSolutionNode = FALSE
	EndGlobalSection
	GlobalSection(ExtensibilityGlobals) = postSolution
		SolutionGuid = {2E3769E6-C71B-472E-AF9C-983DCA93EDE0}
	EndGlobalSection
EndGlobal
